
Microsoft Visual Studio Solution File, Format Version 12.00
# Visual Studio Version 16
VisualStudioVersion = 25.0.1700.4
MinimumVisualStudioVersion = 10.0.40219.1
Project("{FAE04EC0-301F-11D3-BF4B-00C04F79EFBC}") = "Exercise3", "Exercise3\Exercise3.csproj", "{8C94C90D-20C1-4B59-9331-433E518AD11B}"
EndProject
Global
	GlobalSection(SolutionConfigurationPlatforms) = preSolution
		Debug|Any CPU = Debug|Any CPU
		Release|Any CPU = Release|Any CPU
	EndGlobalSection
	GlobalSection(ProjectConfigurationPlatforms) = postSolution
		{8C94C90D-20C1-4B59-9331-433E518AD11B}.Debug|Any CPU.ActiveCfg = Debug|Any CPU
		{8C94C90D-20C1-4B59-9331-433E518AD11B}.Debug|Any CPU.Build.0 = Debug|Any CPU
		{8C94C90D-20C1-4B59-9331-433E518AD11B}.Release|Any CPU.ActiveCfg = Release|Any CPU
		{8C94C90D-20C1-4B59-9331-433E518AD11B}.Release|Any CPU.Build.0 = Release|Any CPU
	EndGlobalSection
	GlobalSection(SolutionProperties) = preSolution
		HideSolutionNode = FALSE
	EndGlobalSection
	GlobalSection(ExtensibilityGlobals) = postSolution
		SolutionGuid = {F43350F7-ADCD-4776-BEFB-E89CD2F747AD}
	EndGlobalSection
EndGlobal
