
Microsoft Visual Studio Solution File, Format Version 12.00
# Visual Studio Version 16
VisualStudioVersion = 25.0.1700.4
MinimumVisualStudioVersion = 10.0.40219.1
Project("{FAE04EC0-301F-11D3-BF4B-00C04F79EFBC}") = "Exercise4", "Exercise4\Exercise4.csproj", "{7C75EDF6-A6A9-4032-AF2E-01CD0CA23C70}"
EndProject
Global
	GlobalSection(SolutionConfigurationPlatforms) = preSolution
		Debug|Any CPU = Debug|Any CPU
		Release|Any CPU = Release|Any CPU
	EndGlobalSection
	GlobalSection(ProjectConfigurationPlatforms) = postSolution
		{7C75EDF6-A6A9-4032-AF2E-01CD0CA23C70}.Debug|Any CPU.ActiveCfg = Debug|Any CPU
		{7C75EDF6-A6A9-4032-AF2E-01CD0CA23C70}.Debug|Any CPU.Build.0 = Debug|Any CPU
		{7C75EDF6-A6A9-4032-AF2E-01CD0CA23C70}.Release|Any CPU.ActiveCfg = Release|Any CPU
		{7C75EDF6-A6A9-4032-AF2E-01CD0CA23C70}.Release|Any CPU.Build.0 = Release|Any CPU
	EndGlobalSection
	GlobalSection(SolutionProperties) = preSolution
		HideSolutionNode = FALSE
	EndGlobalSection
	GlobalSection(ExtensibilityGlobals) = postSolution
		SolutionGuid = {BCB81E57-4D85-4A30-85CD-8855D0E9DCD9}
	EndGlobalSection
EndGlobal
